
Microsoft Visual Studio Solution File, Format Version 12.00
# Visual Studio Version 17
VisualStudioVersion = 17.0.31903.59
MinimumVisualStudioVersion = 10.0.40219.1
Project("{FAE04EC0-301F-11D3-BF4B-00C04F79EFBC}") = "API", "API\API.csproj", "{1CFBDE6A-17F6-4287-A8F7-E2DD21408D50}"
EndProject
Project("{FAE04EC0-301F-11D3-BF4B-00C04F79EFBC}") = "Core", "Core\Core.csproj", "{F60EF807-C189-415A-A166-5904EEDE93DE}"
EndProject
Project("{FAE04EC0-301F-11D3-BF4B-00C04F79EFBC}") = "Infrastructure", "Infrastructure\Infrastructure.csproj", "{A5DF688F-B2B4-4C09-8571-4B0BACEF4440}"
EndProject
Global
	GlobalSection(SolutionConfigurationPlatforms) = preSolution
		Debug|Any CPU = Debug|Any CPU
		Debug|x64 = Debug|x64
		Debug|x86 = Debug|x86
		Release|Any CPU = Release|Any CPU
		Release|x64 = Release|x64
		Release|x86 = Release|x86
	EndGlobalSection
	GlobalSection(ProjectConfigurationPlatforms) = postSolution
		{1CFBDE6A-17F6-4287-A8F7-E2DD21408D50}.Debug|Any CPU.ActiveCfg = Debug|Any CPU
		{1CFBDE6A-17F6-4287-A8F7-E2DD21408D50}.Debug|Any CPU.Build.0 = Debug|Any CPU
		{1CFBDE6A-17F6-4287-A8F7-E2DD21408D50}.Debug|x64.ActiveCfg = Debug|Any CPU
		{1CFBDE6A-17F6-4287-A8F7-E2DD21408D50}.Debug|x64.Build.0 = Debug|Any CPU
		{1CFBDE6A-17F6-4287-A8F7-E2DD21408D50}.Debug|x86.ActiveCfg = Debug|Any CPU
		{1CFBDE6A-17F6-4287-A8F7-E2DD21408D50}.Debug|x86.Build.0 = Debug|Any CPU
		{1CFBDE6A-17F6-4287-A8F7-E2DD21408D50}.Release|Any CPU.ActiveCfg = Release|Any CPU
		{1CFBDE6A-17F6-4287-A8F7-E2DD21408D50}.Release|Any CPU.Build.0 = Release|Any CPU
		{1CFBDE6A-17F6-4287-A8F7-E2DD21408D50}.Release|x64.ActiveCfg = Release|Any CPU
		{1CFBDE6A-17F6-4287-A8F7-E2DD21408D50}.Release|x64.Build.0 = Release|Any CPU
		{1CFBDE6A-17F6-4287-A8F7-E2DD21408D50}.Release|x86.ActiveCfg = Release|Any CPU
		{1CFBDE6A-17F6-4287-A8F7-E2DD21408D50}.Release|x86.Build.0 = Release|Any CPU
		{F60EF807-C189-415A-A166-5904EEDE93DE}.Debug|Any CPU.ActiveCfg = Debug|Any CPU
		{F60EF807-C189-415A-A166-5904EEDE93DE}.Debug|Any CPU.Build.0 = Debug|Any CPU
		{F60EF807-C189-415A-A166-5904EEDE93DE}.Debug|x64.ActiveCfg = Debug|Any CPU
		{F60EF807-C189-415A-A166-5904EEDE93DE}.Debug|x64.Build.0 = Debug|Any CPU
		{F60EF807-C189-415A-A166-5904EEDE93DE}.Debug|x86.ActiveCfg = Debug|Any CPU
		{F60EF807-C189-415A-A166-5904EEDE93DE}.Debug|x86.Build.0 = Debug|Any CPU
		{F60EF807-C189-415A-A166-5904EEDE93DE}.Release|Any CPU.ActiveCfg = Release|Any CPU
		{F60EF807-C189-415A-A166-5904EEDE93DE}.Release|Any CPU.Build.0 = Release|Any CPU
		{F60EF807-C189-415A-A166-5904EEDE93DE}.Release|x64.ActiveCfg = Release|Any CPU
		{F60EF807-C189-415A-A166-5904EEDE93DE}.Release|x64.Build.0 = Release|Any CPU
		{F60EF807-C189-415A-A166-5904EEDE93DE}.Release|x86.ActiveCfg = Release|Any CPU
		{F60EF807-C189-415A-A166-5904EEDE93DE}.Release|x86.Build.0 = Release|Any CPU
		{A5DF688F-B2B4-4C09-8571-4B0BACEF4440}.Debug|Any CPU.ActiveCfg = Debug|Any CPU
		{A5DF688F-B2B4-4C09-8571-4B0BACEF4440}.Debug|Any CPU.Build.0 = Debug|Any CPU
		{A5DF688F-B2B4-4C09-8571-4B0BACEF4440}.Debug|x64.ActiveCfg = Debug|Any CPU
		{A5DF688F-B2B4-4C09-8571-4B0BACEF4440}.Debug|x64.Build.0 = Debug|Any CPU
		{A5DF688F-B2B4-4C09-8571-4B0BACEF4440}.Debug|x86.ActiveCfg = Debug|Any CPU
		{A5DF688F-B2B4-4C09-8571-4B0BACEF4440}.Debug|x86.Build.0 = Debug|Any CPU
		{A5DF688F-B2B4-4C09-8571-4B0BACEF4440}.Release|Any CPU.ActiveCfg = Release|Any CPU
		{A5DF688F-B2B4-4C09-8571-4B0BACEF4440}.Release|Any CPU.Build.0 = Release|Any CPU
		{A5DF688F-B2B4-4C09-8571-4B0BACEF4440}.Release|x64.ActiveCfg = Release|Any CPU
		{A5DF688F-B2B4-4C09-8571-4B0BACEF4440}.Release|x64.Build.0 = Release|Any CPU
		{A5DF688F-B2B4-4C09-8571-4B0BACEF4440}.Release|x86.ActiveCfg = Release|Any CPU
		{A5DF688F-B2B4-4C09-8571-4B0BACEF4440}.Release|x86.Build.0 = Release|Any CPU
	EndGlobalSection
	GlobalSection(SolutionProperties) = preSolution
		HideSolutionNode = FALSE
	EndGlobalSection
EndGlobal
